github.com/loeredami/ungo v0.0.0-20260319001535-f6a0c0c3b5dd h1:F61d3LHE4ZWDi/vS1lxeYVu3xpXcGCImUVFfaczNUP4=
github.com/loeredami/ungo v0.0.0-20260319001535-f6a0c0c3b5dd/go.mod h1:iPo7ju+VlgH9ilyif8jfZaXIJBYJYjIik1bl4JPTWM0=
github.com/loeredami/ungo v0.0.0-20260320171556-20355c45d92c h1:KLLgnXxJ8TQswpEmNPn/M8rDUnOTsv0uIo8VwIpuXtA=
github.com/loeredami/ungo v0.0.0-20260320171556-20355c45d92c/go.mod h1:iPo7ju+VlgH9ilyif8jfZaXIJBYJYjIik1bl4JPTWM0=
